
Microsoft Visual Studio Solution File, Format Version 12.00
# Visual Studio Version 17
VisualStudioVersion = 17.2.32526.322
MinimumVisualStudioVersion = 10.0.40219.1
Project("{9A19103F-16F7-4668-BE54-9A1E7A4F7556}") = "Demo.CustomerOrder", "Demo.CustomerOrder\Demo.CustomerOrder.csproj", "{9D5720F6-F420-4465-848B-D5413262BC03}"
EndProject
Project("{9A19103F-16F7-4668-BE54-9A1E7A4F7556}") = "Demo.FIXMessageProcessor", "Demo.FIXMessageProcessor\Demo.FIXMessageProcessor.csproj", "{80B9C969-D829-4E8F-869C-0A0CEFB9C0B4}"
EndProject
Project("{9A19103F-16F7-4668-BE54-9A1E7A4F7556}") = "Demo.MatchingEngine", "Demo.MatchingEngine\Demo.MatchingEngine.csproj", "{D5B22B54-12F5-4983-972E-8F979EBCE2DC}"
EndProject
Project("{9A19103F-16F7-4668-BE54-9A1E7A4F7556}") = "OrderMatcher", "OrderMatcher\OrderMatcher.csproj", "{AA5A6075-CBE5-49A5-AD38-9CFFC959F076}"
EndProject
Project("{9A19103F-16F7-4668-BE54-9A1E7A4F7556}") = "OrderMatcher.Types", "OrderMatcher.Types\OrderMatcher.Types.csproj", "{46F181DE-E77D-4B7E-8524-FC64BA8CF426}"
EndProject
Project("{9A19103F-16F7-4668-BE54-9A1E7A4F7556}") = "OrderMatcher.Tests", "OrderMatcher.Tests\OrderMatcher.Tests.csproj", "{33D2C2F8-C09F-411B-AE02-4D606B548EA8}"
EndProject
Project("{9A19103F-16F7-4668-BE54-9A1E7A4F7556}") = "Demo.Shared", "Demo.Shared\Demo.Shared.csproj", "{0950D4C6-5C98-49C1-A286-E685EA4A5832}"
EndProject
Project("{FAE04EC0-301F-11D3-BF4B-00C04F79EFBC}") = "Demo.MarketDataRecipient", "Demo.MarketDataRecipient\Demo.MarketDataRecipient.csproj", "{12AD9F21-4479-4F7E-9EE2-1B4722D439CB}"
EndProject
Global
	GlobalSection(SolutionConfigurationPlatforms) = preSolution
		Debug|Any CPU = Debug|Any CPU
		Release|Any CPU = Release|Any CPU
	EndGlobalSection
	GlobalSection(ProjectConfigurationPlatforms) = postSolution
		{9D5720F6-F420-4465-848B-D5413262BC03}.Debug|Any CPU.ActiveCfg = Debug|Any CPU
		{9D5720F6-F420-4465-848B-D5413262BC03}.Debug|Any CPU.Build.0 = Debug|Any CPU
		{9D5720F6-F420-4465-848B-D5413262BC03}.Release|Any CPU.ActiveCfg = Release|Any CPU
		{9D5720F6-F420-4465-848B-D5413262BC03}.Release|Any CPU.Build.0 = Release|Any CPU
		{80B9C969-D829-4E8F-869C-0A0CEFB9C0B4}.Debug|Any CPU.ActiveCfg = Debug|Any CPU
		{80B9C969-D829-4E8F-869C-0A0CEFB9C0B4}.Debug|Any CPU.Build.0 = Debug|Any CPU
		{80B9C969-D829-4E8F-869C-0A0CEFB9C0B4}.Release|Any CPU.ActiveCfg = Release|Any CPU
		{80B9C969-D829-4E8F-869C-0A0CEFB9C0B4}.Release|Any CPU.Build.0 = Release|Any CPU
		{D5B22B54-12F5-4983-972E-8F979EBCE2DC}.Debug|Any CPU.ActiveCfg = Debug|Any CPU
		{D5B22B54-12F5-4983-972E-8F979EBCE2DC}.Debug|Any CPU.Build.0 = Debug|Any CPU
		{D5B22B54-12F5-4983-972E-8F979EBCE2DC}.Release|Any CPU.ActiveCfg = Release|Any CPU
		{D5B22B54-12F5-4983-972E-8F979EBCE2DC}.Release|Any CPU.Build.0 = Release|Any CPU
		{AA5A6075-CBE5-49A5-AD38-9CFFC959F076}.Debug|Any CPU.ActiveCfg = Debug|Any CPU
		{AA5A6075-CBE5-49A5-AD38-9CFFC959F076}.Debug|Any CPU.Build.0 = Debug|Any CPU
		{AA5A6075-CBE5-49A5-AD38-9CFFC959F076}.Release|Any CPU.ActiveCfg = Release|Any CPU
		{AA5A6075-CBE5-49A5-AD38-9CFFC959F076}.Release|Any CPU.Build.0 = Release|Any CPU
		{46F181DE-E77D-4B7E-8524-FC64BA8CF426}.Debug|Any CPU.ActiveCfg = Debug|Any CPU
		{46F181DE-E77D-4B7E-8524-FC64BA8CF426}.Debug|Any CPU.Build.0 = Debug|Any CPU
		{46F181DE-E77D-4B7E-8524-FC64BA8CF426}.Release|Any CPU.ActiveCfg = Release|Any CPU
		{46F181DE-E77D-4B7E-8524-FC64BA8CF426}.Release|Any CPU.Build.0 = Release|Any CPU
		{33D2C2F8-C09F-411B-AE02-4D606B548EA8}.Debug|Any CPU.ActiveCfg = Debug|Any CPU
		{33D2C2F8-C09F-411B-AE02-4D606B548EA8}.Debug|Any CPU.Build.0 = Debug|Any CPU
		{33D2C2F8-C09F-411B-AE02-4D606B548EA8}.Release|Any CPU.ActiveCfg = Release|Any CPU
		{33D2C2F8-C09F-411B-AE02-4D606B548EA8}.Release|Any CPU.Build.0 = Release|Any CPU
		{0950D4C6-5C98-49C1-A286-E685EA4A5832}.Debug|Any CPU.ActiveCfg = Debug|Any CPU
		{0950D4C6-5C98-49C1-A286-E685EA4A5832}.Debug|Any CPU.Build.0 = Debug|Any CPU
		{0950D4C6-5C98-49C1-A286-E685EA4A5832}.Release|Any CPU.ActiveCfg = Release|Any CPU
		{0950D4C6-5C98-49C1-A286-E685EA4A5832}.Release|Any CPU.Build.0 = Release|Any CPU
		{12AD9F21-4479-4F7E-9EE2-1B4722D439CB}.Debug|Any CPU.ActiveCfg = Debug|Any CPU
		{12AD9F21-4479-4F7E-9EE2-1B4722D439CB}.Debug|Any CPU.Build.0 = Debug|Any CPU
		{12AD9F21-4479-4F7E-9EE2-1B4722D439CB}.Release|Any CPU.ActiveCfg = Release|Any CPU
		{12AD9F21-4479-4F7E-9EE2-1B4722D439CB}.Release|Any CPU.Build.0 = Release|Any CPU
	EndGlobalSection
	GlobalSection(SolutionProperties) = preSolution
		HideSolutionNode = FALSE
	EndGlobalSection
	GlobalSection(ExtensibilityGlobals) = postSolution
		SolutionGuid = {1391A918-ECF4-47AB-A663-DD65A00731B0}
	EndGlobalSection
EndGlobal
